
Microsoft Visual Studio Solution File, Format Version 12.00
# Visual Studio Version 17
VisualStudioVersion = 17.0.31912.275
MinimumVisualStudioVersion = 10.0.40219.1
Project("{FAE04EC0-301F-11D3-BF4B-00C04F79EFBC}") = "StaticCircle", "StaticCircle\StaticCircle.csproj", "{37A3E27D-C513-4FDA-823F-5BEB869F738C}"
EndProject
Global
	GlobalSection(SolutionConfigurationPlatforms) = preSolution
		Debug|Any CPU = Debug|Any CPU
		Release|Any CPU = Release|Any CPU
	EndGlobalSection
	GlobalSection(ProjectConfigurationPlatforms) = postSolution
		{37A3E27D-C513-4FDA-823F-5BEB869F738C}.Debug|Any CPU.ActiveCfg = Debug|Any CPU
		{37A3E27D-C513-4FDA-823F-5BEB869F738C}.Debug|Any CPU.Build.0 = Debug|Any CPU
		{37A3E27D-C513-4FDA-823F-5BEB869F738C}.Release|Any CPU.ActiveCfg = Release|Any CPU
		{37A3E27D-C513-4FDA-823F-5BEB869F738C}.Release|Any CPU.Build.0 = Release|Any CPU
	EndGlobalSection
	GlobalSection(SolutionProperties) = preSolution
		HideSolutionNode = FALSE
	EndGlobalSection
	GlobalSection(ExtensibilityGlobals) = postSolution
		SolutionGuid = {72A018E1-7CF1-46D0-AAFD-278FF88C3122}
	EndGlobalSection
EndGlobal
